// !$*UTF8*$!
{
	archiveVersion = 1;
	classes = {
	};
	objectVersion = 55;
	objects = {

/* Begin PBXBuildFile section */
		59033B7828BC526C0093BC00 /* sentimentAnalysisPractice.mlmodel in Sources */ = {isa = PBXBuildFile; fileRef = 59033B7728BC526C0093BC00 /* sentimentAnalysisPractice.mlmodel */; };
		59033B7A28BD1A740093BC00 /* TextLevelClassifierModel.mlmodel in Sources */ = {isa = PBXBuildFile; fileRef = 59033B7928BD1A740093BC00 /* TextLevelClassifierModel.mlmodel */; };
		596B6E5028BC3D0B0012F78D /* NC2_TextLevelClassifierApp.swift in Sources */ = {isa = PBXBuildFile; fileRef = 596B6E4F28BC3D0B0012F78D /* NC2_TextLevelClassifierApp.swift */; };
		596B6E5228BC3D0B0012F78D /* ContentView.swift in Sources */ = {isa = PBXBuildFile; fileRef = 596B6E5128BC3D0B0012F78D /* ContentView.swift */; };
		596B6E5428BC3D0C0012F78D /* Assets.xcassets in Resources */ = {isa = PBXBuildFile; fileRef = 596B6E5328BC3D0C0012F78D /* Assets.xcassets */; };
		596B6E5728BC3D0C0012F78D /* Preview Assets.xcassets in Resources */ = {isa = PBXBuildFile; fileRef = 596B6E5628BC3D0C0012F78D /* Preview Assets.xcassets */; };
		596B6E5E28BC3E9B0012F78D /* AddContentView.swift in Sources */ = {isa = PBXBuildFile; fileRef = 596B6E5D28BC3E9B0012F78D /* AddContentView.swift */; };
		596B6E6028BC3F650012F78D /* ScanButton.swift in Sources */ = {isa = PBXBuildFile; fileRef = 596B6E5F28BC3F650012F78D /* ScanButton.swift */; };
		59C7A3D228BDB2F9008C8B3E /* Color+Extension.swift in Sources */ = {isa = PBXBuildFile; fileRef = 59C7A3D128BDB2F9008C8B3E /* Color+Extension.swift */; };
/* End PBXBuildFile section */

/* Begin PBXFileReference section */
		59033B7728BC526C0093BC00 /* sentimentAnalysisPractice.mlmodel */ = {isa = PBXFileReference; lastKnownFileType = file.mlmodel; path = sentimentAnalysisPractice.mlmodel; sourceTree = "<group>"; };
		59033B7928BD1A740093BC00 /* TextLevelClassifierModel.mlmodel */ = {isa = PBXFileReference; lastKnownFileType = file.mlmodel; path = TextLevelClassifierModel.mlmodel; sourceTree = "<group>"; };
		596B6E4C28BC3D0B0012F78D /* NC2-TextLevelClassifier.app */ = {isa = PBXFileReference; explicitFileType = wrapper.application; includeInIndex = 0; path = "NC2-TextLevelClassifier.app"; sourceTree = BUILT_PRODUCTS_DIR; };
		596B6E4F28BC3D0B0012F78D /* NC2_TextLevelClassifierApp.swift */ = {isa = PBXFileReference; lastKnownFileType = sourcecode.swift; path = NC2_TextLevelClassifierApp.swift; sourceTree = "<group>"; };
		596B6E5128BC3D0B0012F78D /* ContentView.swift */ = {isa = PBXFileReference; lastKnownFileType = sourcecode.swift; path = ContentView.swift; sourceTree = "<group>"; };
		596B6E5328BC3D0C0012F78D /* Assets.xcassets */ = {isa = PBXFileReference; lastKnownFileType = folder.assetcatalog; path = Assets.xcassets; sourceTree = "<group>"; };
		596B6E5628BC3D0C0012F78D /* Preview Assets.xcassets */ = {isa = PBXFileReference; lastKnownFileType = folder.assetcatalog; path = "Preview Assets.xcassets"; sourceTree = "<group>"; };
		596B6E5D28BC3E9B0012F78D /* AddContentView.swift */ = {isa = PBXFileReference; lastKnownFileType = sourcecode.swift; path = AddContentView.swift; sourceTree = "<group>"; };
		596B6E5F28BC3F650012F78D /* ScanButton.swift */ = {isa = PBXFileReference; fileEncoding = 4; lastKnownFileType = sourcecode.swift; path = ScanButton.swift; sourceTree = "<group>"; };
		59C7A3D128BDB2F9008C8B3E /* Color+Extension.swift */ = {isa = PBXFileReference; fileEncoding = 4; lastKnownFileType = sourcecode.swift; path = "Color+Extension.swift"; sourceTree = "<group>"; };
/* End PBXFileReference section */

/* Begin PBXFrameworksBuildPhase section */
		596B6E4928BC3D0B0012F78D /* Frameworks */ = {
			isa = PBXFrameworksBuildPhase;
			buildActionMask = 2147483647;
			files = (
			);
			runOnlyForDeploymentPostprocessing = 0;
		};
/* End PBXFrameworksBuildPhase section */

/* Begin PBXGroup section */
		596B6E4328BC3D0B0012F78D = {
			isa = PBXGroup;
			children = (
				596B6E4E28BC3D0B0012F78D /* NC2-TextLevelClassifier */,
				596B6E4D28BC3D0B0012F78D /* Products */,
			);
			sourceTree = "<group>";
		};
		596B6E4D28BC3D0B0012F78D /* Products */ = {
			isa = PBXGroup;
			children = (
				596B6E4C28BC3D0B0012F78D /* NC2-TextLevelClassifier.app */,
			);
			name = Products;
			sourceTree = "<group>";
		};
		596B6E4E28BC3D0B0012F78D /* NC2-TextLevelClassifier */ = {
			isa = PBXGroup;
			children = (
				596B6E4F28BC3D0B0012F78D /* NC2_TextLevelClassifierApp.swift */,
				596B6E5128BC3D0B0012F78D /* ContentView.swift */,
				596B6E5D28BC3E9B0012F78D /* AddContentView.swift */,
				596B6E5F28BC3F650012F78D /* ScanButton.swift */,
				59C7A3D128BDB2F9008C8B3E /* Color+Extension.swift */,
				59033B7928BD1A740093BC00 /* TextLevelClassifierModel.mlmodel */,
				59033B7728BC526C0093BC00 /* sentimentAnalysisPractice.mlmodel */,
				596B6E5328BC3D0C0012F78D /* Assets.xcassets */,
				596B6E5528BC3D0C0012F78D /* Preview Content */,
			);
			path = "NC2-TextLevelClassifier";
			sourceTree = "<group>";
		};
		596B6E5528BC3D0C0012F78D /* Preview Content */ = {
			isa = PBXGroup;
			children = (
				596B6E5628BC3D0C0012F78D /* Preview Assets.xcassets */,
			);
			path = "Preview Content";
			sourceTree = "<group>";
		};
/* End PBXGroup section */

/* Begin PBXNativeTarget section */
		596B6E4B28BC3D0B0012F78D /* NC2-TextLevelClassifier */ = {
			isa = PBXNativeTarget;
			buildConfigurationList = 596B6E5A28BC3D0C0012F78D /* Build configuration list for PBXNativeTarget "NC2-TextLevelClassifier" */;
			buildPhases = (
				596B6E4828BC3D0B0012F78D /* Sources */,
				596B6E4928BC3D0B0012F78D /* Frameworks */,
				596B6E4A28BC3D0B0012F78D /* Resources */,
			);
			buildRules = (
			);
			dependencies = (
			);
			name = "NC2-TextLevelClassifier";
			productName = "NC2-TextLevelClassifier";
			productReference = 596B6E4C28BC3D0B0012F78D /* NC2-TextLevelClassifier.app */;
			productType = "com.apple.product-type.application";
		};
/* End PBXNativeTarget section */

/* Begin PBXProject section */
		596B6E4428BC3D0B0012F78D /* Project object */ = {
			isa = PBXProject;
			attributes = {
				BuildIndependentTargetsInParallel = 1;
				LastSwiftUpdateCheck = 1340;
				LastUpgradeCheck = 1340;
				TargetAttributes = {
					596B6E4B28BC3D0B0012F78D = {
						CreatedOnToolsVersion = 13.4.1;
					};
				};
			};
			buildConfigurationList = 596B6E4728BC3D0B0012F78D /* Build configuration list for PBXProject "NC2-TextLevelClassifier" */;
			compatibilityVersion = "Xcode 13.0";
			developmentRegion = en;
			hasScannedForEncodings = 0;
			knownRegions = (
				en,
				Base,
			);
			mainGroup = 596B6E4328BC3D0B0012F78D;
			productRefGroup = 596B6E4D28BC3D0B0012F78D /* Products */;
			projectDirPath = "";
			projectRoot = "";
			targets = (
				596B6E4B28BC3D0B0012F78D /* NC2-TextLevelClassifier */,
			);
		};
/* End PBXProject section */

/* Begin PBXResourcesBuildPhase section */
		596B6E4A28BC3D0B0012F78D /* Resources */ = {
			isa = PBXResourcesBuildPhase;
			buildActionMask = 2147483647;
			files = (
				596B6E5728BC3D0C0012F78D /* Preview Assets.xcassets in Resources */,
				596B6E5428BC3D0C0012F78D /* Assets.xcassets in Resources */,
			);
			runOnlyForDeploymentPostprocessing = 0;
		};
/* End PBXResourcesBuildPhase section */

/* Begin PBXSourcesBuildPhase section */
		596B6E4828BC3D0B0012F78D /* Sources */ = {
			isa = PBXSourcesBuildPhase;
			buildActionMask = 2147483647;
			files = (
				596B6E6028BC3F650012F78D /* ScanButton.swift in Sources */,
				596B6E5228BC3D0B0012F78D /* ContentView.swift in Sources */,
				59033B7A28BD1A740093BC00 /* TextLevelClassifierModel.mlmodel in Sources */,
				596B6E5028BC3D0B0012F78D /* NC2_TextLevelClassifierApp.swift in Sources */,
				59033B7828BC526C0093BC00 /* sentimentAnalysisPractice.mlmodel in Sources */,
				596B6E5E28BC3E9B0012F78D /* AddContentView.swift in Sources */,
				59C7A3D228BDB2F9008C8B3E /* Color+Extension.swift in Sources */,
			);
			runOnlyForDeploymentPostprocessing = 0;
		};
/* End PBXSourcesBuildPhase section */

/* Begin XCBuildConfiguration section */
		596B6E5828BC3D0C0012F78D /* Debug */ = {
			isa = XCBuildConfiguration;
			buildSettings = {
				ALWAYS_SEARCH_USER_PATHS = NO;
				CLANG_ANALYZER_NONNULL = YES;
				CLANG_ANALYZER_NUMBER_OBJECT_CONVERSION = YES_AGGRESSIVE;
				CLANG_CXX_LANGUAGE_STANDARD = "gnu++17";
				CLANG_ENABLE_MODULES = YES;
				CLANG_ENABLE_OBJC_ARC = YES;
				CLANG_ENABLE_OBJC_WEAK = YES;
				CLANG_WARN_BLOCK_CAPTURE_AUTORELEASING = YES;
				CLANG_WARN_BOOL_CONVERSION = YES;
				CLANG_WARN_COMMA = YES;
				CLANG_WARN_CONSTANT_CONVERSION = YES;
				CLANG_WARN_DEPRECATED_OBJC_IMPLEMENTATIONS = YES;
				CLANG_WARN_DIRECT_OBJC_ISA_USAGE = YES_ERROR;
				CLANG_WARN_DOCUMENTATION_COMMENTS = YES;
				CLANG_WARN_EMPTY_BODY = YES;
				CLANG_WARN_ENUM_CONVERSION = YES;
				CLANG_WARN_INFINITE_RECURSION = YES;
				CLANG_WARN_INT_CONVERSION = YES;
				CLANG_WARN_NON_LITERAL_NULL_CONVERSION = YES;
				CLANG_WARN_OBJC_IMPLICIT_RETAIN_SELF = YES;
				CLANG_WARN_OBJC_LITERAL_CONVERSION = YES;
				CLANG_WARN_OBJC_ROOT_CLASS = YES_ERROR;
				CLANG_WARN_QUOTED_INCLUDE_IN_FRAMEWORK_HEADER = YES;
				CLANG_WARN_RANGE_LOOP_ANALYSIS = YES;
				CLANG_WARN_STRICT_PROTOTYPES = YES;
				CLANG_WARN_SUSPICIOUS_MOVE = YES;
				CLANG_WARN_UNGUARDED_AVAILABILITY = YES_AGGRESSIVE;
				CLANG_WARN_UNREACHABLE_CODE = YES;
				CLANG_WARN__DUPLICATE_METHOD_MATCH = YES;
				COPY_PHASE_STRIP = NO;
				DEBUG_INFORMATION_FORMAT = dwarf;
				ENABLE_STRICT_OBJC_MSGSEND = YES;
				ENABLE_TESTABILITY = YES;
				GCC_C_LANGUAGE_STANDARD = gnu11;
				GCC_DYNAMIC_NO_PIC = NO;
				GCC_NO_COMMON_BLOCKS = YES;
				GCC_OPTIMIZATION_LEVEL = 0;
				GCC_PREPROCESSOR_DEFINITIONS = (
					"DEBUG=1",
					"$(inherited)",
				);
				GCC_WARN_64_TO_32_BIT_CONVERSION = YES;
				GCC_WARN_ABOUT_RETURN_TYPE = YES_ERROR;
				GCC_WARN_UNDECLARED_SELECTOR = YES;
				GCC_WARN_UNINITIALIZED_AUTOS = YES_AGGRESSIVE;
				GCC_WARN_UNUSED_FUNCTION = YES;
				GCC_WARN_UNUSED_VARIABLE = YES;
				IPHONEOS_DEPLOYMENT_TARGET = 15.5;
				MTL_ENABLE_DEBUG_INFO = INCLUDE_SOURCE;
				MTL_FAST_MATH = YES;
				ONLY_ACTIVE_ARCH = YES;
				SDKROOT = iphoneos;
				SWIFT_ACTIVE_COMPILATION_CONDITIONS = DEBUG;
				SWIFT_OPTIMIZATION_LEVEL = "-Onone";
			};
			name = Debug;
		};
		596B6E5928BC3D0C0012F78D /* Release */ = {
			isa = XCBuildConfiguration;
			buildSettings = {
				ALWAYS_SEARCH_USER_PATHS = NO;
				CLANG_ANALYZER_NONNULL = YES;
				CLANG_ANALYZER_NUMBER_OBJECT_CONVERSION = YES_AGGRESSIVE;
				CLANG_CXX_LANGUAGE_STANDARD = "gnu++17";
				CLANG_ENABLE_MODULES = YES;
				CLANG_ENABLE_OBJC_ARC = YES;
				CLANG_ENABLE_OBJC_WEAK = YES;
				CLANG_WARN_BLOCK_CAPTURE_AUTORELEASING = YES;
				CLANG_WARN_BOOL_CONVERSION = YES;
				CLANG_WARN_COMMA = YES;
				CLANG_WARN_CONSTANT_CONVERSION = YES;
				CLANG_WARN_DEPRECATED_OBJC_IMPLEMENTATIONS = YES;
				CLANG_WARN_DIRECT_OBJC_ISA_USAGE = YES_ERROR;
				CLANG_WARN_DOCUMENTATION_COMMENTS = YES;
				CLANG_WARN_EMPTY_BODY = YES;
				CLANG_WARN_ENUM_CONVERSION = YES;
				CLANG_WARN_INFINITE_RECURSION = YES;
				CLANG_WARN_INT_CONVERSION = YES;
				CLANG_WARN_NON_LITERAL_NULL_CONVERSION = YES;
				CLANG_WARN_OBJC_IMPLICIT_RETAIN_SELF = YES;
				CLANG_WARN_OBJC_LITERAL_CONVERSION = YES;
				CLANG_WARN_OBJC_ROOT_CLASS = YES_ERROR;
				CLANG_WARN_QUOTED_INCLUDE_IN_FRAMEWORK_HEADER = YES;
				CLANG_WARN_RANGE_LOOP_ANALYSIS = YES;
				CLANG_WARN_STRICT_PROTOTYPES = YES;
				CLANG_WARN_SUSPICIOUS_MOVE = YES;
				CLANG_WARN_UNGUARDED_AVAILABILITY = YES_AGGRESSIVE;
				CLANG_WARN_UNREACHABLE_CODE = YES;
				CLANG_WARN__DUPLICATE_METHOD_MATCH = YES;
				COPY_PHASE_STRIP = NO;
				DEBUG_INFORMATION_FORMAT = "dwarf-with-dsym";
				ENABLE_NS_ASSERTIONS = NO;
				ENABLE_STRICT_OBJC_MSGSEND = YES;
				GCC_C_LANGUAGE_STANDARD = gnu11;
				GCC_NO_COMMON_BLOCKS = YES;
				GCC_WARN_64_TO_32_BIT_CONVERSION = YES;
				GCC_WARN_ABOUT_RETURN_TYPE = YES_ERROR;
				GCC_WARN_UNDECLARED_SELECTOR = YES;
				GCC_WARN_UNINITIALIZED_AUTOS = YES_AGGRESSIVE;
				GCC_WARN_UNUSED_FUNCTION = YES;
				GCC_WARN_UNUSED_VARIABLE = YES;
				IPHONEOS_DEPLOYMENT_TARGET = 15.5;
				MTL_ENABLE_DEBUG_INFO = NO;
				MTL_FAST_MATH = YES;
				SDKROOT = iphoneos;
				SWIFT_COMPILATION_MODE = wholemodule;
				SWIFT_OPTIMIZATION_LEVEL = "-O";
				VALIDATE_PRODUCT = YES;
			};
			name = Release;
		};
		596B6E5B28BC3D0C0012F78D /* Debug */ = {
			isa = XCBuildConfiguration;
			buildSettings = {
				ASSETCATALOG_COMPILER_APPICON_NAME = AppIcon;
				ASSETCATALOG_COMPILER_GLOBAL_ACCENT_COLOR_NAME = AccentColor;
				CODE_SIGN_STYLE = Automatic;
				CURRENT_PROJECT_VERSION = 1;
				DEVELOPMENT_ASSET_PATHS = "\"NC2-TextLevelClassifier/Preview Content\"";
				DEVELOPMENT_TEAM = 5F9657NRX4;
				ENABLE_PREVIEWS = YES;
				GENERATE_INFOPLIST_FILE = YES;
				INFOPLIST_KEY_UIApplicationSceneManifest_Generation = YES;
				INFOPLIST_KEY_UIApplicationSupportsIndirectInputEvents = YES;
				INFOPLIST_KEY_UILaunchScreen_Generation = YES;
				INFOPLIST_KEY_UISupportedInterfaceOrientations_iPad = "UIInterfaceOrientationPortrait UIInterfaceOrientationPortraitUpsideDown UIInterfaceOrientationLandscapeLeft UIInterfaceOrientationLandscapeRight";
				INFOPLIST_KEY_UISupportedInterfaceOrientations_iPhone = "UIInterfaceOrientationPortrait UIInterfaceOrientationLandscapeLeft UIInterfaceOrientationLandscapeRight";
				LD_RUNPATH_SEARCH_PATHS = (
					"$(inherited)",
					"@executable_path/Frameworks",
				);
				MARKETING_VERSION = 1.0;
				PRODUCT_BUNDLE_IDENTIFIER = "dev.OZ.NC2-TextLevelClassifier";
				PRODUCT_NAME = "$(TARGET_NAME)";
				SWIFT_EMIT_LOC_STRINGS = YES;
				SWIFT_VERSION = 5.0;
				TARGETED_DEVICE_FAMILY = "1,2";
			};
			name = Debug;
		};
		596B6E5C28BC3D0C0012F78D /* Release */ = {
			isa = XCBuildConfiguration;
			buildSettings = {
				ASSETCATALOG_COMPILER_APPICON_NAME = AppIcon;
				ASSETCATALOG_COMPILER_GLOBAL_ACCENT_COLOR_NAME = AccentColor;
				CODE_SIGN_STYLE = Automatic;
				CURRENT_PROJECT_VERSION = 1;
				DEVELOPMENT_ASSET_PATHS = "\"NC2-TextLevelClassifier/Preview Content\"";
				DEVELOPMENT_TEAM = 5F9657NRX4;
				ENABLE_PREVIEWS = YES;
				GENERATE_INFOPLIST_FILE = YES;
				INFOPLIST_KEY_UIApplicationSceneManifest_Generation = YES;
				INFOPLIST_KEY_UIApplicationSupportsIndirectInputEvents = YES;
				INFOPLIST_KEY_UILaunchScreen_Generation = YES;
				INFOPLIST_KEY_UISupportedInterfaceOrientations_iPad = "UIInterfaceOrientationPortrait UIInterfaceOrientationPortraitUpsideDown UIInterfaceOrientationLandscapeLeft UIInterfaceOrientationLandscapeRight";
				INFOPLIST_KEY_UISupportedInterfaceOrientations_iPhone = "UIInterfaceOrientationPortrait UIInterfaceOrientationLandscapeLeft UIInterfaceOrientationLandscapeRight";
				LD_RUNPATH_SEARCH_PATHS = (
					"$(inherited)",
					"@executable_path/Frameworks",
				);
				MARKETING_VERSION = 1.0;
				PRODUCT_BUNDLE_IDENTIFIER = "dev.OZ.NC2-TextLevelClassifier";
				PRODUCT_NAME = "$(TARGET_NAME)";
				SWIFT_EMIT_LOC_STRINGS = YES;
				SWIFT_VERSION = 5.0;
				TARGETED_DEVICE_FAMILY = "1,2";
			};
			name = Release;
		};
/* End XCBuildConfiguration section */

/* Begin XCConfigurationList section */
		596B6E4728BC3D0B0012F78D /* Build configuration list for PBXProject "NC2-TextLevelClassifier" */ = {
			isa = XCConfigurationList;
			buildConfigurations = (
				596B6E5828BC3D0C0012F78D /* Debug */,
				596B6E5928BC3D0C0012F78D /* Release */,
			);
			defaultConfigurationIsVisible = 0;
			defaultConfigurationName = Release;
		};
		596B6E5A28BC3D0C0012F78D /* Build configuration list for PBXNativeTarget "NC2-TextLevelClassifier" */ = {
			isa = XCConfigurationList;
			buildConfigurations = (
				596B6E5B28BC3D0C0012F78D /* Debug */,
				596B6E5C28BC3D0C0012F78D /* Release */,
			);
			defaultConfigurationIsVisible = 0;
			defaultConfigurationName = Release;
		};
/* End XCConfigurationList section */
	};
	rootObject = 596B6E4428BC3D0B0012F78D /* Project object */;
}
